
Microsoft Visual Studio Solution File, Format Version 12.00
Project("{FAE04EC0-301F-11D3-BF4B-00C04F79EFBC}") = "StirrerApp", "StirrerApp\StirrerApp.csproj", "{16555033-FDD3-46E9-B8A8-D80A1F82B990}"
EndProject
Project("{FAE04EC0-301F-11D3-BF4B-00C04F79EFBC}") = "StirrerTest", "StirrerTest\StirrerTest.csproj", "{751028E9-08E4-4D2B-95CF-07CE0B01570F}"
EndProject
Global
	GlobalSection(SolutionConfigurationPlatforms) = preSolution
		Debug|Any CPU = Debug|Any CPU
		Release|Any CPU = Release|Any CPU
	EndGlobalSection
	GlobalSection(ProjectConfigurationPlatforms) = postSolution
		{16555033-FDD3-46E9-B8A8-D80A1F82B990}.Debug|Any CPU.ActiveCfg = Debug|Any CPU
		{16555033-FDD3-46E9-B8A8-D80A1F82B990}.Debug|Any CPU.Build.0 = Debug|Any CPU
		{16555033-FDD3-46E9-B8A8-D80A1F82B990}.Release|Any CPU.ActiveCfg = Release|Any CPU
		{16555033-FDD3-46E9-B8A8-D80A1F82B990}.Release|Any CPU.Build.0 = Release|Any CPU
		{751028E9-08E4-4D2B-95CF-07CE0B01570F}.Debug|Any CPU.ActiveCfg = Debug|Any CPU
		{751028E9-08E4-4D2B-95CF-07CE0B01570F}.Debug|Any CPU.Build.0 = Debug|Any CPU
		{751028E9-08E4-4D2B-95CF-07CE0B01570F}.Release|Any CPU.ActiveCfg = Release|Any CPU
		{751028E9-08E4-4D2B-95CF-07CE0B01570F}.Release|Any CPU.Build.0 = Release|Any CPU
	EndGlobalSection
EndGlobal
